
Microsoft Visual Studio Solution File, Format Version 12.00
# Visual Studio Version 17
VisualStudioVersion = 17.3.32929.385
MinimumVisualStudioVersion = 10.0.40219.1
Project("{9A19103F-16F7-4668-BE54-9A1E7A4F7556}") = "StudentGradeTracker", "StudentGradeTracker.csproj", "{ADA5FA1B-FA23-4E53-B666-F2A9B2689B7B}"
EndProject
Global
	GlobalSection(SolutionConfigurationPlatforms) = preSolution
		Debug|Any CPU = Debug|Any CPU
		Release|Any CPU = Release|Any CPU
	EndGlobalSection
	GlobalSection(ProjectConfigurationPlatforms) = postSolution
		{ADA5FA1B-FA23-4E53-B666-F2A9B2689B7B}.Debug|Any CPU.ActiveCfg = Debug|Any CPU
		{ADA5FA1B-FA23-4E53-B666-F2A9B2689B7B}.Debug|Any CPU.Build.0 = Debug|Any CPU
		{ADA5FA1B-FA23-4E53-B666-F2A9B2689B7B}.Release|Any CPU.ActiveCfg = Release|Any CPU
		{ADA5FA1B-FA23-4E53-B666-F2A9B2689B7B}.Release|Any CPU.Build.0 = Release|Any CPU
	EndGlobalSection
	GlobalSection(SolutionProperties) = preSolution
		HideSolutionNode = FALSE
	EndGlobalSection
	GlobalSection(ExtensibilityGlobals) = postSolution
		SolutionGuid = {792CB886-4EB1-4693-9FBE-5F0D8559FBE3}
	EndGlobalSection
EndGlobal
